// !$*UTF8*$!
{
	archiveVersion = 1;
	classes = {
	};
	objectVersion = 48;
	objects = {

/* Begin PBXBuildFile section */
		180ABC712021FE9D00F70928 /* AppDelegate.swift in Sources */ = {isa = PBXBuildFile; fileRef = 180ABC702021FE9D00F70928 /* AppDelegate.swift */; };
		180ABC732021FE9D00F70928 /* ViewController.swift in Sources */ = {isa = PBXBuildFile; fileRef = 180ABC722021FE9D00F70928 /* ViewController.swift */; };
		180ABC762021FE9D00F70928 /* Main.storyboard in Resources */ = {isa = PBXBuildFile; fileRef = 180ABC742021FE9D00F70928 /* Main.storyboard */; };
		180ABC782021FE9D00F70928 /* Assets.xcassets in Resources */ = {isa = PBXBuildFile; fileRef = 180ABC772021FE9D00F70928 /* Assets.xcassets */; };
		180ABC7B2021FE9D00F70928 /* LaunchScreen.storyboard in Resources */ = {isa = PBXBuildFile; fileRef = 180ABC792021FE9D00F70928 /* LaunchScreen.storyboard */; };
		18159FAF20230A0300416C22 /* Restaurant.swift in Sources */ = {isa = PBXBuildFile; fileRef = 18159FAE20230A0300416C22 /* Restaurant.swift */; };
/* End PBXBuildFile section */

/* Begin PBXFileReference section */
		180ABC6D2021FE9D00F70928 /* Restos.app */ = {isa = PBXFileReference; explicitFileType = wrapper.application; includeInIndex = 0; path = Restos.app; sourceTree = BUILT_PRODUCTS_DIR; };
		180ABC702021FE9D00F70928 /* AppDelegate.swift */ = {isa = PBXFileReference; lastKnownFileType = sourcecode.swift; path = AppDelegate.swift; sourceTree = "<group>"; };
		180ABC722021FE9D00F70928 /* ViewController.swift */ = {isa = PBXFileReference; lastKnownFileType = sourcecode.swift; path = ViewController.swift; sourceTree = "<group>"; };
		180ABC752021FE9D00F70928 /* Base */ = {isa = PBXFileReference; lastKnownFileType = file.storyboard; name = Base; path = Base.lproj/Main.storyboard; sourceTree = "<group>"; };
		180ABC772021FE9D00F70928 /* Assets.xcassets */ = {isa = PBXFileReference; lastKnownFileType = folder.assetcatalog; path = Assets.xcassets; sourceTree = "<group>"; };
		180ABC7A2021FE9D00F70928 /* Base */ = {isa = PBXFileReference; lastKnownFileType = file.storyboard; name = Base; path = Base.lproj/LaunchScreen.storyboard; sourceTree = "<group>"; };
		180ABC7C2021FE9D00F70928 /* Info.plist */ = {isa = PBXFileReference; lastKnownFileType = text.plist.xml; path = Info.plist; sourceTree = "<group>"; };
		18159FAE20230A0300416C22 /* Restaurant.swift */ = {isa = PBXFileReference; lastKnownFileType = sourcecode.swift; path = Restaurant.swift; sourceTree = "<group>"; };
/* End PBXFileReference section */

/* Begin PBXFrameworksBuildPhase section */
		180ABC6A2021FE9D00F70928 /* Frameworks */ = {
			isa = PBXFrameworksBuildPhase;
			buildActionMask = 2147483647;
			files = (
			);
			runOnlyForDeploymentPostprocessing = 0;
		};
/* End PBXFrameworksBuildPhase section */

/* Begin PBXGroup section */
		180ABC642021FE9D00F70928 = {
			isa = PBXGroup;
			children = (
				180ABC6F2021FE9D00F70928 /* Restos */,
				180ABC6E2021FE9D00F70928 /* Products */,
			);
			sourceTree = "<group>";
			usesTabs = 1;
		};
		180ABC6E2021FE9D00F70928 /* Products */ = {
			isa = PBXGroup;
			children = (
				180ABC6D2021FE9D00F70928 /* Restos.app */,
			);
			name = Products;
			sourceTree = "<group>";
		};
		180ABC6F2021FE9D00F70928 /* Restos */ = {
			isa = PBXGroup;
			children = (
				18159FAD202309E200416C22 /* Model */,
				180ABC702021FE9D00F70928 /* AppDelegate.swift */,
				180ABC722021FE9D00F70928 /* ViewController.swift */,
				180ABC742021FE9D00F70928 /* Main.storyboard */,
				180ABC772021FE9D00F70928 /* Assets.xcassets */,
				180ABC792021FE9D00F70928 /* LaunchScreen.storyboard */,
				180ABC7C2021FE9D00F70928 /* Info.plist */,
			);
			path = Restos;
			sourceTree = "<group>";
		};
		18159FAD202309E200416C22 /* Model */ = {
			isa = PBXGroup;
			children = (
				18159FAE20230A0300416C22 /* Restaurant.swift */,
			);
			path = Model;
			sourceTree = "<group>";
		};
/* End PBXGroup section */

/* Begin PBXNativeTarget section */
		180ABC6C2021FE9D00F70928 /* Restos */ = {
			isa = PBXNativeTarget;
			buildConfigurationList = 180ABC7F2021FE9D00F70928 /* Build configuration list for PBXNativeTarget "Restos" */;
			buildPhases = (
				180ABC692021FE9D00F70928 /* Sources */,
				180ABC6A2021FE9D00F70928 /* Frameworks */,
				180ABC6B2021FE9D00F70928 /* Resources */,
			);
			buildRules = (
			);
			dependencies = (
			);
			name = Restos;
			productName = Restos;
			productReference = 180ABC6D2021FE9D00F70928 /* Restos.app */;
			productType = "com.apple.product-type.application";
		};
/* End PBXNativeTarget section */

/* Begin PBXProject section */
		180ABC652021FE9D00F70928 /* Project object */ = {
			isa = PBXProject;
			attributes = {
				LastSwiftUpdateCheck = 0910;
				LastUpgradeCheck = 0910;
				ORGANIZATIONNAME = "iZu Corp";
				TargetAttributes = {
					180ABC6C2021FE9D00F70928 = {
						CreatedOnToolsVersion = 9.1;
						ProvisioningStyle = Automatic;
					};
				};
			};
			buildConfigurationList = 180ABC682021FE9D00F70928 /* Build configuration list for PBXProject "Restos" */;
			compatibilityVersion = "Xcode 8.0";
			developmentRegion = en;
			hasScannedForEncodings = 0;
			knownRegions = (
				en,
				Base,
			);
			mainGroup = 180ABC642021FE9D00F70928;
			productRefGroup = 180ABC6E2021FE9D00F70928 /* Products */;
			projectDirPath = "";
			projectRoot = "";
			targets = (
				180ABC6C2021FE9D00F70928 /* Restos */,
			);
		};
/* End PBXProject section */

/* Begin PBXResourcesBuildPhase section */
		180ABC6B2021FE9D00F70928 /* Resources */ = {
			isa = PBXResourcesBuildPhase;
			buildActionMask = 2147483647;
			files = (
				180ABC7B2021FE9D00F70928 /* LaunchScreen.storyboard in Resources */,
				180ABC782021FE9D00F70928 /* Assets.xcassets in Resources */,
				180ABC762021FE9D00F70928 /* Main.storyboard in Resources */,
			);
			runOnlyForDeploymentPostprocessing = 0;
		};
/* End PBXResourcesBuildPhase section */

/* Begin PBXSourcesBuildPhase section */
		180ABC692021FE9D00F70928 /* Sources */ = {
			isa = PBXSourcesBuildPhase;
			buildActionMask = 2147483647;
			files = (
				180ABC732021FE9D00F70928 /* ViewController.swift in Sources */,
				180ABC712021FE9D00F70928 /* AppDelegate.swift in Sources */,
				18159FAF20230A0300416C22 /* Restaurant.swift in Sources */,
			);
			runOnlyForDeploymentPostprocessing = 0;
		};
/* End PBXSourcesBuildPhase section */

/* Begin PBXVariantGroup section */
		180ABC742021FE9D00F70928 /* Main.storyboard */ = {
			isa = PBXVariantGroup;
			children = (
				180ABC752021FE9D00F70928 /* Base */,
			);
			name = Main.storyboard;
			sourceTree = "<group>";
		};
		180ABC792021FE9D00F70928 /* LaunchScreen.storyboard */ = {
			isa = PBXVariantGroup;
			children = (
				180ABC7A2021FE9D00F70928 /* Base */,
			);
			name = LaunchScreen.storyboard;
			sourceTree = "<group>";
		};
/* End PBXVariantGroup section */

/* Begin XCBuildConfiguration section */
		180ABC7D2021FE9D00F70928 /* Debug */ = {
			isa = XCBuildConfiguration;
			buildSettings = {
				ALWAYS_SEARCH_USER_PATHS = NO;
				CLANG_ANALYZER_NONNULL = YES;
				CLANG_ANALYZER_NUMBER_OBJECT_CONVERSION = YES_AGGRESSIVE;
				CLANG_CXX_LANGUAGE_STANDARD = "gnu++14";
				CLANG_CXX_LIBRARY = "libc++";
				CLANG_ENABLE_MODULES = YES;
				CLANG_ENABLE_OBJC_ARC = YES;
				CLANG_WARN_BLOCK_CAPTURE_AUTORELEASING = YES;
				CLANG_WARN_BOOL_CONVERSION = YES;
				CLANG_WARN_COMMA = YES;
				CLANG_WARN_CONSTANT_CONVERSION = YES;
				CLANG_WARN_DIRECT_OBJC_ISA_USAGE = YES_ERROR;
				CLANG_WARN_DOCUMENTATION_COMMENTS = YES;
				CLANG_WARN_EMPTY_BODY = YES;
				CLANG_WARN_ENUM_CONVERSION = YES;
				CLANG_WARN_INFINITE_RECURSION = YES;
				CLANG_WARN_INT_CONVERSION = YES;
				CLANG_WARN_NON_LITERAL_NULL_CONVERSION = YES;
				CLANG_WARN_OBJC_LITERAL_CONVERSION = YES;
				CLANG_WARN_OBJC_ROOT_CLASS = YES_ERROR;
				CLANG_WARN_RANGE_LOOP_ANALYSIS = YES;
				CLANG_WARN_STRICT_PROTOTYPES = YES;
				CLANG_WARN_SUSPICIOUS_MOVE = YES;
				CLANG_WARN_UNGUARDED_AVAILABILITY = YES_AGGRESSIVE;
				CLANG_WARN_UNREACHABLE_CODE = YES;
				CLANG_WARN__DUPLICATE_METHOD_MATCH = YES;
				CODE_SIGN_IDENTITY = "iPhone Developer";
				COPY_PHASE_STRIP = NO;
				DEBUG_INFORMATION_FORMAT = dwarf;
				ENABLE_STRICT_OBJC_MSGSEND = YES;
				ENABLE_TESTABILITY = YES;
				GCC_C_LANGUAGE_STANDARD = gnu11;
				GCC_DYNAMIC_NO_PIC = NO;
				GCC_NO_COMMON_BLOCKS = YES;
				GCC_OPTIMIZATION_LEVEL = 0;
				GCC_PREPROCESSOR_DEFINITIONS = (
					"DEBUG=1",
					"$(inherited)",
				);
				GCC_WARN_64_TO_32_BIT_CONVERSION = YES;
				GCC_WARN_ABOUT_RETURN_TYPE = YES_ERROR;
				GCC_WARN_UNDECLARED_SELECTOR = YES;
				GCC_WARN_UNINITIALIZED_AUTOS = YES_AGGRESSIVE;
				GCC_WARN_UNUSED_FUNCTION = YES;
				GCC_WARN_UNUSED_VARIABLE = YES;
				IPHONEOS_DEPLOYMENT_TARGET = 11.1;
				MTL_ENABLE_DEBUG_INFO = YES;
				ONLY_ACTIVE_ARCH = YES;
				SDKROOT = iphoneos;
				SWIFT_ACTIVE_COMPILATION_CONDITIONS = DEBUG;
				SWIFT_OPTIMIZATION_LEVEL = "-Onone";
			};
			name = Debug;
		};
		180ABC7E2021FE9D00F70928 /* Release */ = {
			isa = XCBuildConfiguration;
			buildSettings = {
				ALWAYS_SEARCH_USER_PATHS = NO;
				CLANG_ANALYZER_NONNULL = YES;
				CLANG_ANALYZER_NUMBER_OBJECT_CONVERSION = YES_AGGRESSIVE;
				CLANG_CXX_LANGUAGE_STANDARD = "gnu++14";
				CLANG_CXX_LIBRARY = "libc++";
				CLANG_ENABLE_MODULES = YES;
				CLANG_ENABLE_OBJC_ARC = YES;
				CLANG_WARN_BLOCK_CAPTURE_AUTORELEASING = YES;
				CLANG_WARN_BOOL_CONVERSION = YES;
				CLANG_WARN_COMMA = YES;
				CLANG_WARN_CONSTANT_CONVERSION = YES;
				CLANG_WARN_DIRECT_OBJC_ISA_USAGE = YES_ERROR;
				CLANG_WARN_DOCUMENTATION_COMMENTS = YES;
				CLANG_WARN_EMPTY_BODY = YES;
				CLANG_WARN_ENUM_CONVERSION = YES;
				CLANG_WARN_INFINITE_RECURSION = YES;
				CLANG_WARN_INT_CONVERSION = YES;
				CLANG_WARN_NON_LITERAL_NULL_CONVERSION = YES;
				CLANG_WARN_OBJC_LITERAL_CONVERSION = YES;
				CLANG_WARN_OBJC_ROOT_CLASS = YES_ERROR;
				CLANG_WARN_RANGE_LOOP_ANALYSIS = YES;
				CLANG_WARN_STRICT_PROTOTYPES = YES;
				CLANG_WARN_SUSPICIOUS_MOVE = YES;
				CLANG_WARN_UNGUARDED_AVAILABILITY = YES_AGGRESSIVE;
				CLANG_WARN_UNREACHABLE_CODE = YES;
				CLANG_WARN__DUPLICATE_METHOD_MATCH = YES;
				CODE_SIGN_IDENTITY = "iPhone Developer";
				COPY_PHASE_STRIP = NO;
				DEBUG_INFORMATION_FORMAT = "dwarf-with-dsym";
				ENABLE_NS_ASSERTIONS = NO;
				ENABLE_STRICT_OBJC_MSGSEND = YES;
				GCC_C_LANGUAGE_STANDARD = gnu11;
				GCC_NO_COMMON_BLOCKS = YES;
				GCC_WARN_64_TO_32_BIT_CONVERSION = YES;
				GCC_WARN_ABOUT_RETURN_TYPE = YES_ERROR;
				GCC_WARN_UNDECLARED_SELECTOR = YES;
				GCC_WARN_UNINITIALIZED_AUTOS = YES_AGGRESSIVE;
				GCC_WARN_UNUSED_FUNCTION = YES;
				GCC_WARN_UNUSED_VARIABLE = YES;
				IPHONEOS_DEPLOYMENT_TARGET = 11.1;
				MTL_ENABLE_DEBUG_INFO = NO;
				SDKROOT = iphoneos;
				SWIFT_OPTIMIZATION_LEVEL = "-Owholemodule";
				VALIDATE_PRODUCT = YES;
			};
			name = Release;
		};
		180ABC802021FE9D00F70928 /* Debug */ = {
			isa = XCBuildConfiguration;
			buildSettings = {
				ASSETCATALOG_COMPILER_APPICON_NAME = AppIcon;
				CODE_SIGN_STYLE = Automatic;
				INFOPLIST_FILE = Restos/Info.plist;
				LD_RUNPATH_SEARCH_PATHS = "$(inherited) @executable_path/Frameworks";
				PRODUCT_BUNDLE_IDENTIFIER = com.izu.Restos;
				PRODUCT_NAME = "$(TARGET_NAME)";
				SWIFT_VERSION = 4.0;
				TARGETED_DEVICE_FAMILY = "1,2";
			};
			name = Debug;
		};
		180ABC812021FE9D00F70928 /* Release */ = {
			isa = XCBuildConfiguration;
			buildSettings = {
				ASSETCATALOG_COMPILER_APPICON_NAME = AppIcon;
				CODE_SIGN_STYLE = Automatic;
				INFOPLIST_FILE = Restos/Info.plist;
				LD_RUNPATH_SEARCH_PATHS = "$(inherited) @executable_path/Frameworks";
				PRODUCT_BUNDLE_IDENTIFIER = com.izu.Restos;
				PRODUCT_NAME = "$(TARGET_NAME)";
				SWIFT_VERSION = 4.0;
				TARGETED_DEVICE_FAMILY = "1,2";
			};
			name = Release;
		};
/* End XCBuildConfiguration section */

/* Begin XCConfigurationList section */
		180ABC682021FE9D00F70928 /* Build configuration list for PBXProject "Restos" */ = {
			isa = XCConfigurationList;
			buildConfigurations = (
				180ABC7D2021FE9D00F70928 /* Debug */,
				180ABC7E2021FE9D00F70928 /* Release */,
			);
			defaultConfigurationIsVisible = 0;
			defaultConfigurationName = Release;
		};
		180ABC7F2021FE9D00F70928 /* Build configuration list for PBXNativeTarget "Restos" */ = {
			isa = XCConfigurationList;
			buildConfigurations = (
				180ABC802021FE9D00F70928 /* Debug */,
				180ABC812021FE9D00F70928 /* Release */,
			);
			defaultConfigurationIsVisible = 0;
			defaultConfigurationName = Release;
		};
/* End XCConfigurationList section */
	};
	rootObject = 180ABC652021FE9D00F70928 /* Project object */;
}
